<Solution>
  <Folder Name="/Migrations/">
    <Project Path="Migrations\MediaBrowser.MySql\MediaBrowser.MySql.csproj" Type="Classic C#" />
    <Project Path="Migrations\MediaBrowser.Postgres\MediaBrowser.Postgres.csproj" Type="Classic C#" />
    <Project Path="Migrations\MediaBrowser.Sqlite\MediaBrowser.Sqlite.csproj" Type="Classic C#" />
    <Project Path="Migrations\MediaBrowser.SqlServer\MediaBrowser.SqlServer.csproj" Type="Classic C#" />
  </Folder>
  <Project Path="MediaBrowser.Common\MediaBrowser.Common.csproj" Type="Classic C#" />
  <Project Path="MediaBrowser\MediaBrowser.csproj" Type="Classic C#" />
</Solution>